<?xml version="1.0" encoding="utf-8"?>
<Project ToolsVersion="4.0" xmlns="http://schemas.microsoft.com/developer/msbuild/2003">
  <ItemGroup>
    <Filter Include="Source Files">
      <UniqueIdentifier>{4FC737F1-C7A5-4376-A066-2A32D752A2FF}</UniqueIdentifier>
      <Extensions>cpp;c;cc;cxx;c++;cppm;ixx;def;odl;idl;hpj;bat;asm;asmx</Extensions>
    </Filter>
    <Filter Include="Header Files">
      <UniqueIdentifier>{93995380-89BD-4b04-88EB-625FBE52EBFB}</UniqueIdentifier>
      <Extensions>h;hh;hpp;hxx;h++;hm;inl;inc;ipp;xsd</Extensions>
    </Filter>
    <Filter Include="Resource Files">
      <UniqueIdentifier>{67DA6AB6-F800-4c08-8B7A-83BB121AAD01}</UniqueIdentifier>
      <Extensions>rc;ico;cur;bmp;dlg;rc2;rct;bin;rgs;gif;jpg;jpeg;jpe;resx;tiff;tif;png;wav;mfcribbon-ms</Extensions>
    </Filter>
  </ItemGroup>
  <ItemGroup>
    <ClCompile Include="main.cpp">
      <Filter>Source Files</Filter>
    </ClCompile>
    <ClCompile Include="..\Game Engine Project\UntexturedMovingPlatform.cpp">
      <Filter>Source Files</Filter>
    </ClCompile>
    <ClCompile Include="..\Game Engine Project\Timeline.cpp">
      <Filter>Source Files</Filter>
    </ClCompile>
    <ClCompile Include="..\Game Engine Project\GameObject.cpp">
      <Filter>Source Files</Filter>
    </ClCompile>
    <ClCompile Include="..\Game Engine Project\PlatformMove.cpp">
      <Filter>Source Files</Filter>
    </ClCompile>
    <ClCompile Include="..\Game Engine Project\MovingCollision.cpp">
      <Filter>Source Files</Filter>
    </ClCompile>
    <ClCompile Include="..\Game Engine Project\Mobile.cpp">
      <Filter>Source Files</Filter>
    </ClCompile>
    <ClCompile Include="..\Game Engine Project\AgentMove.cpp">
      <Filter>Source Files</Filter>
    </ClCompile>
    <ClCompile Include="..\Game Engine Project\RenderRect.cpp">
      <Filter>Source Files</Filter>
    </ClCompile>
    <ClCompile Include="..\Game Engine Project\RenderSprite.cpp">
      <Filter>Source Files</Filter>
    </ClCompile>
    <ClCompile Include="..\Game Engine Project\RenderObject.cpp">
      <Filter>Source Files</Filter>
    </ClCompile>
    <ClCompile Include="..\Game Engine Project\Event.cpp">
      <Filter>Source Files</Filter>
    </ClCompile>
    <ClCompile Include="..\Game Engine Project\MoveEvent.cpp">
      <Filter>Source Files</Filter>
    </ClCompile>
    <ClCompile Include="..\Game Engine Project\MoveHandler.cpp">
      <Filter>Source Files</Filter>
    </ClCompile>
    <ClCompile Include="..\Game Engine Project\EventManager.cpp">
      <Filter>Source Files</Filter>
    </ClCompile>
    <ClCompile Include="..\Game Engine Project\EventHandler.cpp">
      <Filter>Source Files</Filter>
    </ClCompile>
    <ClCompile Include="..\Game Engine Project\AgentMoveEvent.cpp">
      <Filter>Source Files</Filter>
    </ClCompile>
    <ClCompile Include="ServerConnectHandler.cpp">
      <Filter>Source Files</Filter>
    </ClCompile>
    <ClCompile Include="..\Game Engine Project\ConnectEvent.cpp">
      <Filter>Source Files</Filter>
    </ClCompile>
    <ClCompile Include="ServerDisconnectHandler.cpp">
      <Filter>Source Files</Filter>
    </ClCompile>
    <ClCompile Include="..\Game Engine Project\DisconnectEvent.cpp">
      <Filter>Source Files</Filter>
    </ClCompile>
    <ClCompile Include="..\Game Engine Project\SpawnEvent.cpp">
      <Filter>Source Files</Filter>
    </ClCompile>
    <ClCompile Include="..\Game Engine Project\CollisionEvent.cpp">
      <Filter>Source Files</Filter>
    </ClCompile>
  </ItemGroup>
  <ItemGroup>
    <ClInclude Include="ServerConnectHandler.h">
      <Filter>Header Files</Filter>
    </ClInclude>
    <ClInclude Include="ServerDisconnectHandler.h">
      <Filter>Header Files</Filter>
    </ClInclude>
  </ItemGroup>
</Project>