<?xml version="1.0" encoding="utf-8"?>
<Project ToolsVersion="4.0" xmlns="http://schemas.microsoft.com/developer/msbuild/2003">
  <ItemGroup>
    <Filter Include="Source Files">
      <UniqueIdentifier>{4FC737F1-C7A5-4376-A066-2A32D752A2FF}</UniqueIdentifier>
      <Extensions>cpp;c;cc;cxx;c++;cppm;ixx;def;odl;idl;hpj;bat;asm;asmx</Extensions>
    </Filter>
    <Filter Include="Header Files">
      <UniqueIdentifier>{93995380-89BD-4b04-88EB-625FBE52EBFB}</UniqueIdentifier>
      <Extensions>h;hh;hpp;hxx;h++;hm;inl;inc;ipp;xsd</Extensions>
    </Filter>
    <Filter Include="Source Files\Resource Files">
      <UniqueIdentifier>{67DA6AB6-F800-4c08-8B7A-83BB121AAD01}</UniqueIdentifier>
      <Extensions>rc;ico;cur;bmp;dlg;rc2;rct;bin;rgs;gif;jpg;jpeg;jpe;resx;tiff;tif;png;wav;mfcribbon-ms</Extensions>
    </Filter>
  </ItemGroup>
  <ItemGroup>
    <ClCompile Include="main.cpp">
      <Filter>Source Files</Filter>
    </ClCompile>
    <ClCompile Include="UntexturedPlatform.cpp">
      <Filter>Source Files</Filter>
    </ClCompile>
    <ClCompile Include="UntexturedMovingPlatform.cpp">
      <Filter>Source Files</Filter>
    </ClCompile>
    <ClCompile Include="Character.cpp">
      <Filter>Source Files</Filter>
    </ClCompile>
    <ClCompile Include="Timeline.cpp">
      <Filter>Source Files</Filter>
    </ClCompile>
    <ClCompile Include="OtherCharacter.cpp">
      <Filter>Source Files</Filter>
    </ClCompile>
    <ClCompile Include="UntexturedPlatformProxy.cpp">
      <Filter>Source Files</Filter>
    </ClCompile>
    <ClCompile Include="GameObject.cpp">
      <Filter>Source Files</Filter>
    </ClCompile>
    <ClCompile Include="Collision.cpp">
      <Filter>Source Files</Filter>
    </ClCompile>
    <ClCompile Include="Move.cpp">
      <Filter>Source Files</Filter>
    </ClCompile>
    <ClCompile Include="Mobile.cpp">
      <Filter>Source Files</Filter>
    </ClCompile>
    <ClCompile Include="PlatformCollision.cpp">
      <Filter>Source Files</Filter>
    </ClCompile>
    <ClCompile Include="MovingCollision.cpp">
      <Filter>Source Files</Filter>
    </ClCompile>
    <ClCompile Include="PlatformMove.cpp">
      <Filter>Source Files</Filter>
    </ClCompile>
    <ClCompile Include="AgentMove.cpp">
      <Filter>Source Files</Filter>
    </ClCompile>
    <ClCompile Include="RenderObject.cpp">
      <Filter>Source Files</Filter>
    </ClCompile>
    <ClCompile Include="RenderSprite.cpp">
      <Filter>Source Files</Filter>
    </ClCompile>
    <ClCompile Include="RenderRect.cpp">
      <Filter>Source Files</Filter>
    </ClCompile>
    <ClCompile Include="SideBoundary.cpp">
      <Filter>Source Files</Filter>
    </ClCompile>
    <ClCompile Include="BoundaryCollision.cpp">
      <Filter>Source Files</Filter>
    </ClCompile>
    <ClCompile Include="SpawnPoint.cpp">
      <Filter>Source Files</Filter>
    </ClCompile>
    <ClCompile Include="SpawnCollision.cpp">
      <Filter>Source Files</Filter>
    </ClCompile>
    <ClCompile Include="DeathCollision.cpp">
      <Filter>Source Files</Filter>
    </ClCompile>
    <ClCompile Include="DeathZone.cpp">
      <Filter>Source Files</Filter>
    </ClCompile>
    <ClCompile Include="HiddenObject.cpp">
      <Filter>Source Files</Filter>
    </ClCompile>
    <ClCompile Include="Event.cpp">
      <Filter>Source Files</Filter>
    </ClCompile>
    <ClCompile Include="EventHandler.cpp">
      <Filter>Source Files</Filter>
    </ClCompile>
    <ClCompile Include="EventManager.cpp">
      <Filter>Source Files</Filter>
    </ClCompile>
    <ClCompile Include="MoveEvent.cpp">
      <Filter>Source Files</Filter>
    </ClCompile>
    <ClCompile Include="MoveHandler.cpp">
      <Filter>Source Files</Filter>
    </ClCompile>
    <ClCompile Include="DeathEvent.cpp">
      <Filter>Source Files</Filter>
    </ClCompile>
    <ClCompile Include="DeathHandler.cpp">
      <Filter>Source Files</Filter>
    </ClCompile>
    <ClCompile Include="ScrollEvent.cpp">
      <Filter>Source Files</Filter>
    </ClCompile>
    <ClCompile Include="ScrollHandler.cpp">
      <Filter>Source Files</Filter>
    </ClCompile>
    <ClCompile Include="CollisionEvent.cpp">
      <Filter>Source Files</Filter>
    </ClCompile>
    <ClCompile Include="CollisionHandler.cpp">
      <Filter>Source Files</Filter>
    </ClCompile>
    <ClCompile Include="SpawnEvent.cpp">
      <Filter>Source Files</Filter>
    </ClCompile>
    <ClCompile Include="SpawnHandler.cpp">
      <Filter>Source Files</Filter>
    </ClCompile>
    <ClCompile Include="AgentMoveEvent.cpp">
      <Filter>Source Files</Filter>
    </ClCompile>
    <ClCompile Include="AgentMoveHandler.cpp">
      <Filter>Source Files</Filter>
    </ClCompile>
    <ClCompile Include="InputEvent.cpp">
      <Filter>Source Files</Filter>
    </ClCompile>
    <ClCompile Include="InputHandler.cpp">
      <Filter>Source Files</Filter>
    </ClCompile>
    <ClCompile Include="RepositionEvent.cpp">
      <Filter>Source Files</Filter>
    </ClCompile>
    <ClCompile Include="RepositionHandler.cpp">
      <Filter>Source Files</Filter>
    </ClCompile>
    <ClCompile Include="ConnectEvent.cpp">
      <Filter>Source Files</Filter>
    </ClCompile>
    <ClCompile Include="ConnectHandler.cpp">
      <Filter>Source Files</Filter>
    </ClCompile>
    <ClCompile Include="DisconnectEvent.cpp">
      <Filter>Source Files</Filter>
    </ClCompile>
    <ClCompile Include="DisconnectHandler.cpp">
      <Filter>Source Files</Filter>
    </ClCompile>
    <ClCompile Include="ReplayViewer.cpp">
      <Filter>Source Files</Filter>
    </ClCompile>
    <ClCompile Include="RecordStartEvent.cpp">
      <Filter>Source Files</Filter>
    </ClCompile>
    <ClCompile Include="RecordStartHandler.cpp">
      <Filter>Source Files</Filter>
    </ClCompile>
    <ClCompile Include="RecordStopEvent.cpp">
      <Filter>Source Files</Filter>
    </ClCompile>
    <ClCompile Include="RecordStopHandler.cpp">
      <Filter>Source Files</Filter>
    </ClCompile>
    <ClCompile Include="DrawEvent.cpp">
      <Filter>Source Files</Filter>
    </ClCompile>
    <ClCompile Include="DrawHandler.cpp">
      <Filter>Source Files</Filter>
    </ClCompile>
    <ClCompile Include="ScriptManager.cpp">
      <Filter>Source Files</Filter>
    </ClCompile>
    <ClCompile Include="..\duktape-2.6.0\src\duktape.c">
      <Filter>Source Files</Filter>
    </ClCompile>
    <ClCompile Include="ScriptedEventHandler.cpp">
      <Filter>Source Files</Filter>
    </ClCompile>
  </ItemGroup>
  <ItemGroup>
    <ClInclude Include="UntexturedPlatform.h">
      <Filter>Header Files</Filter>
    </ClInclude>
    <ClInclude Include="UntexturedMovingPlatform.h">
      <Filter>Header Files</Filter>
    </ClInclude>
    <ClInclude Include="Character.h">
      <Filter>Header Files</Filter>
    </ClInclude>
    <ClInclude Include="Timeline.h">
      <Filter>Header Files</Filter>
    </ClInclude>
    <ClInclude Include="OtherCharacter.h">
      <Filter>Header Files</Filter>
    </ClInclude>
    <ClInclude Include="UntexturedPlatformProxy.h">
      <Filter>Header Files</Filter>
    </ClInclude>
    <ClInclude Include="GameObject.h">
      <Filter>Header Files</Filter>
    </ClInclude>
    <ClInclude Include="Collision.h">
      <Filter>Header Files</Filter>
    </ClInclude>
    <ClInclude Include="Move.h">
      <Filter>Header Files</Filter>
    </ClInclude>
    <ClInclude Include="Mobile.h">
      <Filter>Header Files</Filter>
    </ClInclude>
    <ClInclude Include="PlatformCollision.h">
      <Filter>Header Files</Filter>
    </ClInclude>
    <ClInclude Include="MovingCollision.h">
      <Filter>Header Files</Filter>
    </ClInclude>
    <ClInclude Include="PlatformMove.h">
      <Filter>Header Files</Filter>
    </ClInclude>
    <ClInclude Include="AgentMove.h">
      <Filter>Header Files</Filter>
    </ClInclude>
    <ClInclude Include="RenderObject.h">
      <Filter>Header Files</Filter>
    </ClInclude>
    <ClInclude Include="RenderSprite.h">
      <Filter>Header Files</Filter>
    </ClInclude>
    <ClInclude Include="RenderRect.h">
      <Filter>Header Files</Filter>
    </ClInclude>
    <ClInclude Include="SideBoundary.h">
      <Filter>Header Files</Filter>
    </ClInclude>
    <ClInclude Include="BoundaryCollision.h">
      <Filter>Header Files</Filter>
    </ClInclude>
    <ClInclude Include="SpawnPoint.h">
      <Filter>Header Files</Filter>
    </ClInclude>
    <ClInclude Include="SpawnCollision.h">
      <Filter>Header Files</Filter>
    </ClInclude>
    <ClInclude Include="DeathCollision.h">
      <Filter>Header Files</Filter>
    </ClInclude>
    <ClInclude Include="DeathZone.h">
      <Filter>Header Files</Filter>
    </ClInclude>
    <ClInclude Include="HiddenObject.h">
      <Filter>Header Files</Filter>
    </ClInclude>
    <ClInclude Include="Event.h">
      <Filter>Header Files</Filter>
    </ClInclude>
    <ClInclude Include="EventHandler.h">
      <Filter>Header Files</Filter>
    </ClInclude>
    <ClInclude Include="EventManager.h">
      <Filter>Header Files</Filter>
    </ClInclude>
    <ClInclude Include="MoveEvent.h">
      <Filter>Header Files</Filter>
    </ClInclude>
    <ClInclude Include="MoveHandler.h">
      <Filter>Header Files</Filter>
    </ClInclude>
    <ClInclude Include="DeathEvent.h">
      <Filter>Header Files</Filter>
    </ClInclude>
    <ClInclude Include="DeathHandler.h">
      <Filter>Header Files</Filter>
    </ClInclude>
    <ClInclude Include="ScrollEvent.h">
      <Filter>Header Files</Filter>
    </ClInclude>
    <ClInclude Include="ScrollHandler.h">
      <Filter>Header Files</Filter>
    </ClInclude>
    <ClInclude Include="CollisionEvent.h">
      <Filter>Header Files</Filter>
    </ClInclude>
    <ClInclude Include="CollisionHandler.h">
      <Filter>Header Files</Filter>
    </ClInclude>
    <ClInclude Include="SpawnEvent.h">
      <Filter>Header Files</Filter>
    </ClInclude>
    <ClInclude Include="SpawnHandler.h">
      <Filter>Header Files</Filter>
    </ClInclude>
    <ClInclude Include="AgentMoveEvent.h">
      <Filter>Header Files</Filter>
    </ClInclude>
    <ClInclude Include="AgentMoveHandler.h">
      <Filter>Header Files</Filter>
    </ClInclude>
    <ClInclude Include="InputEvent.h">
      <Filter>Header Files</Filter>
    </ClInclude>
    <ClInclude Include="InputHandler.h">
      <Filter>Header Files</Filter>
    </ClInclude>
    <ClInclude Include="RepositionEvent.h">
      <Filter>Header Files</Filter>
    </ClInclude>
    <ClInclude Include="RepositionHandler.h">
      <Filter>Header Files</Filter>
    </ClInclude>
    <ClInclude Include="ConnectEvent.h">
      <Filter>Header Files</Filter>
    </ClInclude>
    <ClInclude Include="ConnectHandler.h">
      <Filter>Header Files</Filter>
    </ClInclude>
    <ClInclude Include="DisconnectEvent.h">
      <Filter>Header Files</Filter>
    </ClInclude>
    <ClInclude Include="DisconnectHandler.h">
      <Filter>Header Files</Filter>
    </ClInclude>
    <ClInclude Include="ReplayViewer.h">
      <Filter>Header Files</Filter>
    </ClInclude>
    <ClInclude Include="RecordStartEvent.h">
      <Filter>Header Files</Filter>
    </ClInclude>
    <ClInclude Include="RecordStartHandler.h">
      <Filter>Header Files</Filter>
    </ClInclude>
    <ClInclude Include="RecordStopEvent.h">
      <Filter>Header Files</Filter>
    </ClInclude>
    <ClInclude Include="RecordStopHandler.h">
      <Filter>Header Files</Filter>
    </ClInclude>
    <ClInclude Include="DrawEvent.h">
      <Filter>Header Files</Filter>
    </ClInclude>
    <ClInclude Include="DrawHandler.h">
      <Filter>Header Files</Filter>
    </ClInclude>
    <ClInclude Include="ScriptManager.h">
      <Filter>Header Files</Filter>
    </ClInclude>
    <ClInclude Include="..\duktape-2.6.0\src\duktape.h">
      <Filter>Header Files</Filter>
    </ClInclude>
    <ClInclude Include="..\duktape-2.6.0\src\duk_config.h">
      <Filter>Header Files</Filter>
    </ClInclude>
    <ClInclude Include="ScriptedEventHandler.h">
      <Filter>Header Files</Filter>
    </ClInclude>
  </ItemGroup>
  <ItemGroup>
    <None Include="scriptFile.js">
      <Filter>Source Files\Resource Files</Filter>
    </None>
  </ItemGroup>
</Project>